{
  "name": "sts2-headless-workspace",
  "version": "1.0.1",
  "lockfileVersion": 3,
  "requires": true,
  "packages": {
    "": {
      "name": "sts2-headless-workspace",
      "version": "1.0.1",
      "license": "MIT",
      "dependencies": {
        "@rsgcsg/sts2-connector-client": "https://github.com/rsgcsg/STS2-Connector/releases/download/v1.1.0-rc.1/rsgcsg-sts2-connector-client-1.0.0.tgz"
      },
      "engines": {
        "node": ">=20"
      }
    },
    "node_modules/@rsgcsg/sts2-connector-client": {
      "version": "1.0.0",
      "resolved": "https://github.com/rsgcsg/STS2-Connector/releases/download/v1.1.0-rc.1/rsgcsg-sts2-connector-client-1.0.0.tgz",
      "integrity": "sha512-TAABmdXeQ0BXjdmEtkY+8g8lHxClsW769W0OcUgv7JFZiPavrX2ctvgomZyjby+Kvylt0ZbiDV8C7labXEEcfg==",
      "license": "MIT",
      "dependencies": {
        "zod": "^3.25.76"
      },
      "engines": {
        "node": ">=20"
      }
    },
    "node_modules/zod": {
      "version": "3.25.76",
      "resolved": "https://registry.npmjs.org/zod/-/zod-3.25.76.tgz",
      "integrity": "sha512-gzUt/qt81nXsFGKIFcC3YnfEAx5NkunCfnDlvuBSSFS02bcXu4Lmea0AFIUwbLWxWPx3d9p8S5QoaujKcNQxcQ==",
      "license": "MIT",
      "funding": {
        "url": "https://github.com/sponsors/colinhacks"
      }
    }
  }
}
