{
  "name": "@rsgcsg/sts2-host-runtime",
  "version": "1.1.0-rc.1",
  "lockfileVersion": 3,
  "requires": true,
  "packages": {
    "": {
      "name": "@rsgcsg/sts2-host-runtime",
      "version": "1.1.0-rc.1",
      "license": "MIT",
      "dependencies": {
        "@rsgcsg/sts2-connector-client": "file:../connector/sdk/typescript"
      },
      "engines": {
        "node": ">=20"
      }
    },
    "../connector/sdk/typescript": {
      "name": "@rsgcsg/sts2-connector-client",
      "version": "1.1.0-rc.1",
      "license": "MIT",
      "dependencies": {
        "zod": "^3.25.76"
      },
      "devDependencies": {
        "@types/node": "^20.19.14",
        "typescript": "^5.9.2",
        "vitest": "^3.2.4"
      },
      "engines": {
        "node": ">=20"
      }
    },
    "node_modules/@rsgcsg/sts2-connector-client": {
      "resolved": "../connector/sdk/typescript",
      "link": true
    }
  }
}
