{
  "name": "@rsgcsg/sts2-human-annotator",
  "version": "0.3.0-rc.4",
  "lockfileVersion": 3,
  "requires": true,
  "packages": {
    "": {
      "name": "@rsgcsg/sts2-human-annotator",
      "version": "0.3.0-rc.4",
      "license": "MIT",
      "engines": {
        "node": ">=20"
      }
    }
  }
}
